
Microsoft Visual Studio Solution File, Format Version 12.00
# Visual Studio Version 17
VisualStudioVersion = 17.3.32922.545
MinimumVisualStudioVersion = 10.0.40219.1
Project("{FAE04EC0-301F-11D3-BF4B-00C04F79EFBC}") = "OpenBootcamp-1", "OpenBootcamp-1\OpenBootcamp-1.csproj", "{0577DC91-1C7E-4F79-8AC2-851E3B9C8097}"
EndProject
Global
	GlobalSection(SolutionConfigurationPlatforms) = preSolution
		Debug|Any CPU = Debug|Any CPU
		Release|Any CPU = Release|Any CPU
	EndGlobalSection
	GlobalSection(ProjectConfigurationPlatforms) = postSolution
		{0577DC91-1C7E-4F79-8AC2-851E3B9C8097}.Debug|Any CPU.ActiveCfg = Debug|Any CPU
		{0577DC91-1C7E-4F79-8AC2-851E3B9C8097}.Debug|Any CPU.Build.0 = Debug|Any CPU
		{0577DC91-1C7E-4F79-8AC2-851E3B9C8097}.Release|Any CPU.ActiveCfg = Release|Any CPU
		{0577DC91-1C7E-4F79-8AC2-851E3B9C8097}.Release|Any CPU.Build.0 = Release|Any CPU
	EndGlobalSection
	GlobalSection(SolutionProperties) = preSolution
		HideSolutionNode = FALSE
	EndGlobalSection
	GlobalSection(ExtensibilityGlobals) = postSolution
		SolutionGuid = {935500EA-C546-4716-A316-E6B6F159AF2E}
	EndGlobalSection
EndGlobal
